
Microsoft Visual Studio Solution File, Format Version 12.00
# Visual Studio 15
VisualStudioVersion = 15.0.27130.2010
MinimumVisualStudioVersion = 10.0.40219.1
Project("{FAE04EC0-301F-11D3-BF4B-00C04F79EFBC}") = "OnTime SDK Example 3 CS", "OnTime SDK Example 3 CS\OnTime SDK Example 3 CS.csproj", "{12968B5B-68AD-485E-891F-DC6B49F30BFF}"
EndProject
Global
	GlobalSection(SolutionConfigurationPlatforms) = preSolution
		Debug|Any CPU = Debug|Any CPU
		Release|Any CPU = Release|Any CPU
	EndGlobalSection
	GlobalSection(ProjectConfigurationPlatforms) = postSolution
		{12968B5B-68AD-485E-891F-DC6B49F30BFF}.Debug|Any CPU.ActiveCfg = Debug|Any CPU
		{12968B5B-68AD-485E-891F-DC6B49F30BFF}.Debug|Any CPU.Build.0 = Debug|Any CPU
		{12968B5B-68AD-485E-891F-DC6B49F30BFF}.Release|Any CPU.ActiveCfg = Release|Any CPU
		{12968B5B-68AD-485E-891F-DC6B49F30BFF}.Release|Any CPU.Build.0 = Release|Any CPU
	EndGlobalSection
	GlobalSection(SolutionProperties) = preSolution
		HideSolutionNode = FALSE
	EndGlobalSection
	GlobalSection(ExtensibilityGlobals) = postSolution
		SolutionGuid = {70E5C344-8F16-48A1-874E-0DD872474A14}
	EndGlobalSection
EndGlobal
